{
  "name": "torrentzipjs",
  "version": "1.0.0",
  "lockfileVersion": 2,
  "requires": true,
  "packages": {
    "": {
      "name": "torrentzipjs",
      "version": "1.0.0",
      "license": "ISC",
      "dependencies": {
        "crc-32": "^1.2.2",
        "pako": "^2.0.4"
      },
      "devDependencies": {
        "prettier": "^2.6.2"
      }
    },
    "node_modules/crc-32": {
      "version": "1.2.2",
      "resolved": "https://registry.npmjs.org/crc-32/-/crc-32-1.2.2.tgz",
      "integrity": "sha512-ROmzCKrTnOwybPcJApAA6WBWij23HVfGVNKqqrZpuyZOHqK2CwHSvpGuyt/UNNvaIjEd8X5IFGp4Mh+Ie1IHJQ==",
      "bin": {
        "crc32": "bin/crc32.njs"
      },
      "engines": {
        "node": ">=0.8"
      }
    },
    "node_modules/pako": {
      "version": "2.0.4",
      "resolved": "https://registry.npmjs.org/pako/-/pako-2.0.4.tgz",
      "integrity": "sha512-v8tweI900AUkZN6heMU/4Uy4cXRc2AYNRggVmTR+dEncawDJgCdLMximOVA2p4qO57WMynangsfGRb5WD6L1Bg=="
    },
    "node_modules/prettier": {
      "version": "2.6.2",
      "resolved": "https://registry.npmjs.org/prettier/-/prettier-2.6.2.tgz",
      "integrity": "sha512-PkUpF+qoXTqhOeWL9fu7As8LXsIUZ1WYaJiY/a7McAQzxjk82OF0tibkFXVCDImZtWxbvojFjerkiLb0/q8mew==",
      "dev": true,
      "bin": {
        "prettier": "bin-prettier.js"
      },
      "engines": {
        "node": ">=10.13.0"
      },
      "funding": {
        "url": "https://github.com/prettier/prettier?sponsor=1"
      }
    }
  },
  "dependencies": {
    "crc-32": {
      "version": "1.2.2",
      "resolved": "https://registry.npmjs.org/crc-32/-/crc-32-1.2.2.tgz",
      "integrity": "sha512-ROmzCKrTnOwybPcJApAA6WBWij23HVfGVNKqqrZpuyZOHqK2CwHSvpGuyt/UNNvaIjEd8X5IFGp4Mh+Ie1IHJQ=="
    },
    "pako": {
      "version": "2.0.4",
      "resolved": "https://registry.npmjs.org/pako/-/pako-2.0.4.tgz",
      "integrity": "sha512-v8tweI900AUkZN6heMU/4Uy4cXRc2AYNRggVmTR+dEncawDJgCdLMximOVA2p4qO57WMynangsfGRb5WD6L1Bg=="
    },
    "prettier": {
      "version": "2.6.2",
      "resolved": "https://registry.npmjs.org/prettier/-/prettier-2.6.2.tgz",
      "integrity": "sha512-PkUpF+qoXTqhOeWL9fu7As8LXsIUZ1WYaJiY/a7McAQzxjk82OF0tibkFXVCDImZtWxbvojFjerkiLb0/q8mew==",
      "dev": true
    }
  }
}
