{
  "name": "torrentzipjs",
  "version": "0.0.1",
  "lockfileVersion": 2,
  "requires": true,
  "packages": {
    "": {
      "name": "torrentzipjs",
      "version": "0.0.1",
      "license": "ISC",
      "dependencies": {
        "crc-32": "^1.2.2",
        "fdir": "^5.2.0",
        "pako": "^2.0.4"
      },
      "devDependencies": {
        "prettier": "^2.6.2",
        "prettier-plugin-organize-imports": "^2.3.4"
      }
    },
    "node_modules/crc-32": {
      "version": "1.2.2",
      "resolved": "https://registry.npmjs.org/crc-32/-/crc-32-1.2.2.tgz",
      "integrity": "sha512-ROmzCKrTnOwybPcJApAA6WBWij23HVfGVNKqqrZpuyZOHqK2CwHSvpGuyt/UNNvaIjEd8X5IFGp4Mh+Ie1IHJQ==",
      "bin": {
        "crc32": "bin/crc32.njs"
      },
      "engines": {
        "node": ">=0.8"
      }
    },
    "node_modules/fdir": {
      "version": "5.2.0",
      "resolved": "https://registry.npmjs.org/fdir/-/fdir-5.2.0.tgz",
      "integrity": "sha512-skyI2Laxtj9GYzmktPgY6DT8uswXq+VoxH26SskykvEhTSbi7tRM/787uZt/p8maxrQCJdzC90zX1btbxiJ6lw=="
    },
    "node_modules/pako": {
      "version": "2.0.4",
      "resolved": "https://registry.npmjs.org/pako/-/pako-2.0.4.tgz",
      "integrity": "sha512-v8tweI900AUkZN6heMU/4Uy4cXRc2AYNRggVmTR+dEncawDJgCdLMximOVA2p4qO57WMynangsfGRb5WD6L1Bg=="
    },
    "node_modules/prettier": {
      "version": "2.6.2",
      "resolved": "https://registry.npmjs.org/prettier/-/prettier-2.6.2.tgz",
      "integrity": "sha512-PkUpF+qoXTqhOeWL9fu7As8LXsIUZ1WYaJiY/a7McAQzxjk82OF0tibkFXVCDImZtWxbvojFjerkiLb0/q8mew==",
      "dev": true,
      "bin": {
        "prettier": "bin-prettier.js"
      },
      "engines": {
        "node": ">=10.13.0"
      },
      "funding": {
        "url": "https://github.com/prettier/prettier?sponsor=1"
      }
    },
    "node_modules/prettier-plugin-organize-imports": {
      "version": "2.3.4",
      "resolved": "https://registry.npmjs.org/prettier-plugin-organize-imports/-/prettier-plugin-organize-imports-2.3.4.tgz",
      "integrity": "sha512-R8o23sf5iVL/U71h9SFUdhdOEPsi3nm42FD/oDYIZ2PQa4TNWWuWecxln6jlIQzpZTDMUeO1NicJP6lLn2TtRw==",
      "dev": true,
      "peerDependencies": {
        "prettier": ">=2.0",
        "typescript": ">=2.9"
      }
    },
    "node_modules/typescript": {
      "version": "4.6.3",
      "resolved": "https://registry.npmjs.org/typescript/-/typescript-4.6.3.tgz",
      "integrity": "sha512-yNIatDa5iaofVozS/uQJEl3JRWLKKGJKh6Yaiv0GLGSuhpFJe7P3SbHZ8/yjAHRQwKRoA6YZqlfjXWmVzoVSMw==",
      "dev": true,
      "peer": true,
      "bin": {
        "tsc": "bin/tsc",
        "tsserver": "bin/tsserver"
      },
      "engines": {
        "node": ">=4.2.0"
      }
    }
  },
  "dependencies": {
    "crc-32": {
      "version": "1.2.2",
      "resolved": "https://registry.npmjs.org/crc-32/-/crc-32-1.2.2.tgz",
      "integrity": "sha512-ROmzCKrTnOwybPcJApAA6WBWij23HVfGVNKqqrZpuyZOHqK2CwHSvpGuyt/UNNvaIjEd8X5IFGp4Mh+Ie1IHJQ=="
    },
    "fdir": {
      "version": "5.2.0",
      "resolved": "https://registry.npmjs.org/fdir/-/fdir-5.2.0.tgz",
      "integrity": "sha512-skyI2Laxtj9GYzmktPgY6DT8uswXq+VoxH26SskykvEhTSbi7tRM/787uZt/p8maxrQCJdzC90zX1btbxiJ6lw=="
    },
    "pako": {
      "version": "2.0.4",
      "resolved": "https://registry.npmjs.org/pako/-/pako-2.0.4.tgz",
      "integrity": "sha512-v8tweI900AUkZN6heMU/4Uy4cXRc2AYNRggVmTR+dEncawDJgCdLMximOVA2p4qO57WMynangsfGRb5WD6L1Bg=="
    },
    "prettier": {
      "version": "2.6.2",
      "resolved": "https://registry.npmjs.org/prettier/-/prettier-2.6.2.tgz",
      "integrity": "sha512-PkUpF+qoXTqhOeWL9fu7As8LXsIUZ1WYaJiY/a7McAQzxjk82OF0tibkFXVCDImZtWxbvojFjerkiLb0/q8mew==",
      "dev": true
    },
    "prettier-plugin-organize-imports": {
      "version": "2.3.4",
      "resolved": "https://registry.npmjs.org/prettier-plugin-organize-imports/-/prettier-plugin-organize-imports-2.3.4.tgz",
      "integrity": "sha512-R8o23sf5iVL/U71h9SFUdhdOEPsi3nm42FD/oDYIZ2PQa4TNWWuWecxln6jlIQzpZTDMUeO1NicJP6lLn2TtRw==",
      "dev": true,
      "requires": {}
    },
    "typescript": {
      "version": "4.6.3",
      "resolved": "https://registry.npmjs.org/typescript/-/typescript-4.6.3.tgz",
      "integrity": "sha512-yNIatDa5iaofVozS/uQJEl3JRWLKKGJKh6Yaiv0GLGSuhpFJe7P3SbHZ8/yjAHRQwKRoA6YZqlfjXWmVzoVSMw==",
      "dev": true,
      "peer": true
    }
  }
}
